
Microsoft Visual Studio Solution File, Format Version 12.00
# Visual Studio Version 17
VisualStudioVersion = 17.4.33801.306
MinimumVisualStudioVersion = 10.0.40219.1
Project("{9A19103F-16F7-4668-BE54-9A1E7A4F7556}") = "SimpleAdmin.Wpf", "SimpleAdmin.Wpf\SimpleAdmin.Wpf.csproj", "{7F285397-885D-4768-AE0F-A8924431442C}"
EndProject
Global
	GlobalSection(SolutionConfigurationPlatforms) = preSolution
		Debug|Any CPU = Debug|Any CPU
		Release|Any CPU = Release|Any CPU
	EndGlobalSection
	GlobalSection(ProjectConfigurationPlatforms) = postSolution
		{7F285397-885D-4768-AE0F-A8924431442C}.Debug|Any CPU.ActiveCfg = Debug|Any CPU
		{7F285397-885D-4768-AE0F-A8924431442C}.Debug|Any CPU.Build.0 = Debug|Any CPU
		{7F285397-885D-4768-AE0F-A8924431442C}.Release|Any CPU.ActiveCfg = Release|Any CPU
		{7F285397-885D-4768-AE0F-A8924431442C}.Release|Any CPU.Build.0 = Release|Any CPU
	EndGlobalSection
	GlobalSection(SolutionProperties) = preSolution
		HideSolutionNode = FALSE
	EndGlobalSection
	GlobalSection(ExtensibilityGlobals) = postSolution
		SolutionGuid = {6051A998-B8A3-4D9E-85D5-88202CB60519}
	EndGlobalSection
EndGlobal
